
Microsoft Visual Studio Solution File, Format Version 12.00
# Visual Studio Version 17
VisualStudioVersion = 17.5.33627.172
MinimumVisualStudioVersion = 10.0.40219.1
Project("{FAE04EC0-301F-11D3-BF4B-00C04F79EFBC}") = "DssProjectElephant", "DssProjectElephant\DssProjectElephant.csproj", "{8ED71842-B633-449A-913C-92BCA213BBE0}"
EndProject
Global
	GlobalSection(SolutionConfigurationPlatforms) = preSolution
		Debug|Any CPU = Debug|Any CPU
		Release|Any CPU = Release|Any CPU
	EndGlobalSection
	GlobalSection(ProjectConfigurationPlatforms) = postSolution
		{8ED71842-B633-449A-913C-92BCA213BBE0}.Debug|Any CPU.ActiveCfg = Debug|Any CPU
		{8ED71842-B633-449A-913C-92BCA213BBE0}.Debug|Any CPU.Build.0 = Debug|Any CPU
		{8ED71842-B633-449A-913C-92BCA213BBE0}.Release|Any CPU.ActiveCfg = Release|Any CPU
		{8ED71842-B633-449A-913C-92BCA213BBE0}.Release|Any CPU.Build.0 = Release|Any CPU
	EndGlobalSection
	GlobalSection(SolutionProperties) = preSolution
		HideSolutionNode = FALSE
	EndGlobalSection
	GlobalSection(ExtensibilityGlobals) = postSolution
		SolutionGuid = {A8D2B3DD-97AB-4BB7-9328-A2A71B3E1260}
	EndGlobalSection
EndGlobal
